// !$*UTF8*$!
{
	archiveVersion = 1;
	classes = {
	};
	objectVersion = 56;
	objects = {

/* Begin PBXBuildFile section */
		B842F2CA2B432EFE00907F0C /* AppDelegate.swift in Sources */ = {isa = PBXBuildFile; fileRef = B842F2C92B432EFE00907F0C /* AppDelegate.swift */; };
		B842F2CC2B432EFE00907F0C /* SceneDelegate.swift in Sources */ = {isa = PBXBuildFile; fileRef = B842F2CB2B432EFE00907F0C /* SceneDelegate.swift */; };
		B842F2CE2B432EFE00907F0C /* ViewController.swift in Sources */ = {isa = PBXBuildFile; fileRef = B842F2CD2B432EFE00907F0C /* ViewController.swift */; };
		B842F2D32B432F0000907F0C /* Assets.xcassets in Resources */ = {isa = PBXBuildFile; fileRef = B842F2D22B432F0000907F0C /* Assets.xcassets */; };
		B842F2D62B432F0000907F0C /* LaunchScreen.storyboard in Resources */ = {isa = PBXBuildFile; fileRef = B842F2D42B432F0000907F0C /* LaunchScreen.storyboard */; };
		B842F2E22B4333A400907F0C /* UICustomTextField.swift in Sources */ = {isa = PBXBuildFile; fileRef = B842F2E12B4333A400907F0C /* UICustomTextField.swift */; };
		B842F2E52B4333FD00907F0C /* UIView+Extension.swift in Sources */ = {isa = PBXBuildFile; fileRef = B842F2E42B4333FD00907F0C /* UIView+Extension.swift */; };
		B842F2E72B43361000907F0C /* UIColor+Extension.swift in Sources */ = {isa = PBXBuildFile; fileRef = B842F2E62B43361000907F0C /* UIColor+Extension.swift */; };
		B842F2E92B43363100907F0C /* UILabel+Extension.swift in Sources */ = {isa = PBXBuildFile; fileRef = B842F2E82B43363100907F0C /* UILabel+Extension.swift */; };
		B842F2EB2B43365500907F0C /* UITextField+Extension.swift in Sources */ = {isa = PBXBuildFile; fileRef = B842F2EA2B43365500907F0C /* UITextField+Extension.swift */; };
		B842F2ED2B43367100907F0C /* SetupViews.swift in Sources */ = {isa = PBXBuildFile; fileRef = B842F2EC2B43367100907F0C /* SetupViews.swift */; };
		B842F2EF2B43369C00907F0C /* UIButton+Extension.swift in Sources */ = {isa = PBXBuildFile; fileRef = B842F2EE2B43369C00907F0C /* UIButton+Extension.swift */; };
		B842F2F12B4336C900907F0C /* UIStackView+Extension.swift in Sources */ = {isa = PBXBuildFile; fileRef = B842F2F02B4336C900907F0C /* UIStackView+Extension.swift */; };
		B842F2F42B433FAD00907F0C /* Network.swift in Sources */ = {isa = PBXBuildFile; fileRef = B842F2F32B433FAD00907F0C /* Network.swift */; };
		B842F2F62B43400D00907F0C /* API.swift in Sources */ = {isa = PBXBuildFile; fileRef = B842F2F52B43400D00907F0C /* API.swift */; };
		B842F2F92B43405700907F0C /* Result.swift in Sources */ = {isa = PBXBuildFile; fileRef = B842F2F82B43405700907F0C /* Result.swift */; };
		B842F2FB2B43406700907F0C /* StatusCode.swift in Sources */ = {isa = PBXBuildFile; fileRef = B842F2FA2B43406700907F0C /* StatusCode.swift */; };
		B842F2FD2B43418200907F0C /* AuthApp.swift in Sources */ = {isa = PBXBuildFile; fileRef = B842F2FC2B43418200907F0C /* AuthApp.swift */; };
		B842F2FF2B4341F400907F0C /* AuthDataModel.swift in Sources */ = {isa = PBXBuildFile; fileRef = B842F2FE2B4341F400907F0C /* AuthDataModel.swift */; };
		B842F3012B4344E900907F0C /* Auth+Network.swift in Sources */ = {isa = PBXBuildFile; fileRef = B842F3002B4344E900907F0C /* Auth+Network.swift */; };
		B842F3032B43484B00907F0C /* GroupsViewController.swift in Sources */ = {isa = PBXBuildFile; fileRef = B842F3022B43484B00907F0C /* GroupsViewController.swift */; };
		B842F3052B43550C00907F0C /* Group.swift in Sources */ = {isa = PBXBuildFile; fileRef = B842F3042B43550C00907F0C /* Group.swift */; };
		B842F3072B43553700907F0C /* User.swift in Sources */ = {isa = PBXBuildFile; fileRef = B842F3062B43553700907F0C /* User.swift */; };
		B842F3092B4355EE00907F0C /* Groups+Network.swift in Sources */ = {isa = PBXBuildFile; fileRef = B842F3082B4355EE00907F0C /* Groups+Network.swift */; };
		B842F30C2B435BD000907F0C /* GroupCell.swift in Sources */ = {isa = PBXBuildFile; fileRef = B842F30B2B435BD000907F0C /* GroupCell.swift */; };
		B842F30F2B435DE800907F0C /* TransactionsViewController.swift in Sources */ = {isa = PBXBuildFile; fileRef = B842F30E2B435DE800907F0C /* TransactionsViewController.swift */; };
		B842F3112B436CD500907F0C /* TransactionModel.swift in Sources */ = {isa = PBXBuildFile; fileRef = B842F3102B436CD500907F0C /* TransactionModel.swift */; };
		B842F3132B436D2B00907F0C /* TransactionCell.swift in Sources */ = {isa = PBXBuildFile; fileRef = B842F3122B436D2B00907F0C /* TransactionCell.swift */; };
		B89665902B52D4130029ABBA /* Alamofire in Frameworks */ = {isa = PBXBuildFile; productRef = B896658F2B52D4130029ABBA /* Alamofire */; };
/* End PBXBuildFile section */

/* Begin PBXFileReference section */
		B842F2C62B432EFE00907F0C /* BillSplitteriOS.app */ = {isa = PBXFileReference; explicitFileType = wrapper.application; includeInIndex = 0; path = BillSplitteriOS.app; sourceTree = BUILT_PRODUCTS_DIR; };
		B842F2C92B432EFE00907F0C /* AppDelegate.swift */ = {isa = PBXFileReference; lastKnownFileType = sourcecode.swift; path = AppDelegate.swift; sourceTree = "<group>"; };
		B842F2CB2B432EFE00907F0C /* SceneDelegate.swift */ = {isa = PBXFileReference; lastKnownFileType = sourcecode.swift; path = SceneDelegate.swift; sourceTree = "<group>"; };
		B842F2CD2B432EFE00907F0C /* ViewController.swift */ = {isa = PBXFileReference; lastKnownFileType = sourcecode.swift; path = ViewController.swift; sourceTree = "<group>"; };
		B842F2D22B432F0000907F0C /* Assets.xcassets */ = {isa = PBXFileReference; lastKnownFileType = folder.assetcatalog; path = Assets.xcassets; sourceTree = "<group>"; };
		B842F2D52B432F0000907F0C /* Base */ = {isa = PBXFileReference; lastKnownFileType = file.storyboard; name = Base; path = Base.lproj/LaunchScreen.storyboard; sourceTree = "<group>"; };
		B842F2D72B432F0000907F0C /* Info.plist */ = {isa = PBXFileReference; lastKnownFileType = text.plist.xml; path = Info.plist; sourceTree = "<group>"; };
		B842F2E12B4333A400907F0C /* UICustomTextField.swift */ = {isa = PBXFileReference; lastKnownFileType = sourcecode.swift; path = UICustomTextField.swift; sourceTree = "<group>"; };
		B842F2E42B4333FD00907F0C /* UIView+Extension.swift */ = {isa = PBXFileReference; lastKnownFileType = sourcecode.swift; path = "UIView+Extension.swift"; sourceTree = "<group>"; };
		B842F2E62B43361000907F0C /* UIColor+Extension.swift */ = {isa = PBXFileReference; lastKnownFileType = sourcecode.swift; path = "UIColor+Extension.swift"; sourceTree = "<group>"; };
		B842F2E82B43363100907F0C /* UILabel+Extension.swift */ = {isa = PBXFileReference; lastKnownFileType = sourcecode.swift; path = "UILabel+Extension.swift"; sourceTree = "<group>"; };
		B842F2EA2B43365500907F0C /* UITextField+Extension.swift */ = {isa = PBXFileReference; lastKnownFileType = sourcecode.swift; path = "UITextField+Extension.swift"; sourceTree = "<group>"; };
		B842F2EC2B43367100907F0C /* SetupViews.swift */ = {isa = PBXFileReference; lastKnownFileType = sourcecode.swift; path = SetupViews.swift; sourceTree = "<group>"; };
		B842F2EE2B43369C00907F0C /* UIButton+Extension.swift */ = {isa = PBXFileReference; lastKnownFileType = sourcecode.swift; path = "UIButton+Extension.swift"; sourceTree = "<group>"; };
		B842F2F02B4336C900907F0C /* UIStackView+Extension.swift */ = {isa = PBXFileReference; lastKnownFileType = sourcecode.swift; path = "UIStackView+Extension.swift"; sourceTree = "<group>"; };
		B842F2F32B433FAD00907F0C /* Network.swift */ = {isa = PBXFileReference; lastKnownFileType = sourcecode.swift; path = Network.swift; sourceTree = "<group>"; };
		B842F2F52B43400D00907F0C /* API.swift */ = {isa = PBXFileReference; lastKnownFileType = sourcecode.swift; path = API.swift; sourceTree = "<group>"; };
		B842F2F82B43405700907F0C /* Result.swift */ = {isa = PBXFileReference; lastKnownFileType = sourcecode.swift; path = Result.swift; sourceTree = "<group>"; };
		B842F2FA2B43406700907F0C /* StatusCode.swift */ = {isa = PBXFileReference; lastKnownFileType = sourcecode.swift; path = StatusCode.swift; sourceTree = "<group>"; };
		B842F2FC2B43418200907F0C /* AuthApp.swift */ = {isa = PBXFileReference; lastKnownFileType = sourcecode.swift; path = AuthApp.swift; sourceTree = "<group>"; };
		B842F2FE2B4341F400907F0C /* AuthDataModel.swift */ = {isa = PBXFileReference; lastKnownFileType = sourcecode.swift; path = AuthDataModel.swift; sourceTree = "<group>"; };
		B842F3002B4344E900907F0C /* Auth+Network.swift */ = {isa = PBXFileReference; lastKnownFileType = sourcecode.swift; path = "Auth+Network.swift"; sourceTree = "<group>"; };
		B842F3022B43484B00907F0C /* GroupsViewController.swift */ = {isa = PBXFileReference; lastKnownFileType = sourcecode.swift; path = GroupsViewController.swift; sourceTree = "<group>"; };
		B842F3042B43550C00907F0C /* Group.swift */ = {isa = PBXFileReference; lastKnownFileType = sourcecode.swift; path = Group.swift; sourceTree = "<group>"; };
		B842F3062B43553700907F0C /* User.swift */ = {isa = PBXFileReference; lastKnownFileType = sourcecode.swift; path = User.swift; sourceTree = "<group>"; };
		B842F3082B4355EE00907F0C /* Groups+Network.swift */ = {isa = PBXFileReference; lastKnownFileType = sourcecode.swift; path = "Groups+Network.swift"; sourceTree = "<group>"; };
		B842F30B2B435BD000907F0C /* GroupCell.swift */ = {isa = PBXFileReference; lastKnownFileType = sourcecode.swift; path = GroupCell.swift; sourceTree = "<group>"; };
		B842F30E2B435DE800907F0C /* TransactionsViewController.swift */ = {isa = PBXFileReference; lastKnownFileType = sourcecode.swift; path = TransactionsViewController.swift; sourceTree = "<group>"; };
		B842F3102B436CD500907F0C /* TransactionModel.swift */ = {isa = PBXFileReference; lastKnownFileType = sourcecode.swift; path = TransactionModel.swift; sourceTree = "<group>"; };
		B842F3122B436D2B00907F0C /* TransactionCell.swift */ = {isa = PBXFileReference; lastKnownFileType = sourcecode.swift; path = TransactionCell.swift; sourceTree = "<group>"; };
/* End PBXFileReference section */

/* Begin PBXFrameworksBuildPhase section */
		B842F2C32B432EFE00907F0C /* Frameworks */ = {
			isa = PBXFrameworksBuildPhase;
			buildActionMask = 2147483647;
			files = (
				B89665902B52D4130029ABBA /* Alamofire in Frameworks */,
			);
			runOnlyForDeploymentPostprocessing = 0;
		};
/* End PBXFrameworksBuildPhase section */

/* Begin PBXGroup section */
		B842F2BD2B432EFE00907F0C = {
			isa = PBXGroup;
			children = (
				B842F2C82B432EFE00907F0C /* BillSplitteriOS */,
				B842F2C72B432EFE00907F0C /* Products */,
			);
			sourceTree = "<group>";
		};
		B842F2C72B432EFE00907F0C /* Products */ = {
			isa = PBXGroup;
			children = (
				B842F2C62B432EFE00907F0C /* BillSplitteriOS.app */,
			);
			name = Products;
			sourceTree = "<group>";
		};
		B842F2C82B432EFE00907F0C /* BillSplitteriOS */ = {
			isa = PBXGroup;
			children = (
				B842F2F22B433FA200907F0C /* Network */,
				B842F2E32B4333ED00907F0C /* Extensions */,
				B842F2E02B43339400907F0C /* Views */,
				B842F2DF2B43331A00907F0C /* Model */,
				B842F2DE2B43331400907F0C /* Controllers list */,
				B842F2DD2B4332F200907F0C /* Support */,
				B842F2D72B432F0000907F0C /* Info.plist */,
				B842F2FC2B43418200907F0C /* AuthApp.swift */,
			);
			path = BillSplitteriOS;
			sourceTree = "<group>";
		};
		B842F2DD2B4332F200907F0C /* Support */ = {
			isa = PBXGroup;
			children = (
				B842F2D22B432F0000907F0C /* Assets.xcassets */,
				B842F2D42B432F0000907F0C /* LaunchScreen.storyboard */,
				B842F2C92B432EFE00907F0C /* AppDelegate.swift */,
				B842F2CB2B432EFE00907F0C /* SceneDelegate.swift */,
			);
			path = Support;
			sourceTree = "<group>";
		};
		B842F2DE2B43331400907F0C /* Controllers list */ = {
			isa = PBXGroup;
			children = (
				B842F30D2B435DD800907F0C /* Transactions List */,
				B842F30A2B435B8C00907F0C /* Groups List */,
				B842F2CD2B432EFE00907F0C /* ViewController.swift */,
			);
			path = "Controllers list";
			sourceTree = "<group>";
		};
		B842F2DF2B43331A00907F0C /* Model */ = {
			isa = PBXGroup;
			children = (
				B842F2FE2B4341F400907F0C /* AuthDataModel.swift */,
				B842F3042B43550C00907F0C /* Group.swift */,
				B842F3062B43553700907F0C /* User.swift */,
				B842F3102B436CD500907F0C /* TransactionModel.swift */,
			);
			path = Model;
			sourceTree = "<group>";
		};
		B842F2E02B43339400907F0C /* Views */ = {
			isa = PBXGroup;
			children = (
				B842F2E12B4333A400907F0C /* UICustomTextField.swift */,
			);
			path = Views;
			sourceTree = "<group>";
		};
		B842F2E32B4333ED00907F0C /* Extensions */ = {
			isa = PBXGroup;
			children = (
				B842F2E42B4333FD00907F0C /* UIView+Extension.swift */,
				B842F2E62B43361000907F0C /* UIColor+Extension.swift */,
				B842F2E82B43363100907F0C /* UILabel+Extension.swift */,
				B842F2EA2B43365500907F0C /* UITextField+Extension.swift */,
				B842F2EC2B43367100907F0C /* SetupViews.swift */,
				B842F2EE2B43369C00907F0C /* UIButton+Extension.swift */,
				B842F2F02B4336C900907F0C /* UIStackView+Extension.swift */,
			);
			path = Extensions;
			sourceTree = "<group>";
		};
		B842F2F22B433FA200907F0C /* Network */ = {
			isa = PBXGroup;
			children = (
				B842F2F72B43404700907F0C /* Settings */,
				B842F2F32B433FAD00907F0C /* Network.swift */,
				B842F3002B4344E900907F0C /* Auth+Network.swift */,
				B842F3082B4355EE00907F0C /* Groups+Network.swift */,
			);
			path = Network;
			sourceTree = "<group>";
		};
		B842F2F72B43404700907F0C /* Settings */ = {
			isa = PBXGroup;
			children = (
				B842F2F52B43400D00907F0C /* API.swift */,
				B842F2F82B43405700907F0C /* Result.swift */,
				B842F2FA2B43406700907F0C /* StatusCode.swift */,
			);
			path = Settings;
			sourceTree = "<group>";
		};
		B842F30A2B435B8C00907F0C /* Groups List */ = {
			isa = PBXGroup;
			children = (
				B842F3022B43484B00907F0C /* GroupsViewController.swift */,
				B842F30B2B435BD000907F0C /* GroupCell.swift */,
			);
			path = "Groups List";
			sourceTree = "<group>";
		};
		B842F30D2B435DD800907F0C /* Transactions List */ = {
			isa = PBXGroup;
			children = (
				B842F30E2B435DE800907F0C /* TransactionsViewController.swift */,
				B842F3122B436D2B00907F0C /* TransactionCell.swift */,
			);
			path = "Transactions List";
			sourceTree = "<group>";
		};
/* End PBXGroup section */

/* Begin PBXNativeTarget section */
		B842F2C52B432EFE00907F0C /* BillSplitteriOS */ = {
			isa = PBXNativeTarget;
			buildConfigurationList = B842F2DA2B432F0000907F0C /* Build configuration list for PBXNativeTarget "BillSplitteriOS" */;
			buildPhases = (
				B842F2C22B432EFE00907F0C /* Sources */,
				B842F2C32B432EFE00907F0C /* Frameworks */,
				B842F2C42B432EFE00907F0C /* Resources */,
			);
			buildRules = (
			);
			dependencies = (
			);
			name = BillSplitteriOS;
			packageProductDependencies = (
				B896658F2B52D4130029ABBA /* Alamofire */,
			);
			productName = BillSplitteriOS;
			productReference = B842F2C62B432EFE00907F0C /* BillSplitteriOS.app */;
			productType = "com.apple.product-type.application";
		};
/* End PBXNativeTarget section */

/* Begin PBXProject section */
		B842F2BE2B432EFE00907F0C /* Project object */ = {
			isa = PBXProject;
			attributes = {
				BuildIndependentTargetsInParallel = 1;
				LastSwiftUpdateCheck = 1500;
				LastUpgradeCheck = 1500;
				TargetAttributes = {
					B842F2C52B432EFE00907F0C = {
						CreatedOnToolsVersion = 15.0;
					};
				};
			};
			buildConfigurationList = B842F2C12B432EFE00907F0C /* Build configuration list for PBXProject "BillSplitteriOS" */;
			compatibilityVersion = "Xcode 14.0";
			developmentRegion = en;
			hasScannedForEncodings = 0;
			knownRegions = (
				en,
				Base,
			);
			mainGroup = B842F2BD2B432EFE00907F0C;
			packageReferences = (
				B896658E2B52D4130029ABBA /* XCRemoteSwiftPackageReference "Alamofire" */,
			);
			productRefGroup = B842F2C72B432EFE00907F0C /* Products */;
			projectDirPath = "";
			projectRoot = "";
			targets = (
				B842F2C52B432EFE00907F0C /* BillSplitteriOS */,
			);
		};
/* End PBXProject section */

/* Begin PBXResourcesBuildPhase section */
		B842F2C42B432EFE00907F0C /* Resources */ = {
			isa = PBXResourcesBuildPhase;
			buildActionMask = 2147483647;
			files = (
				B842F2D62B432F0000907F0C /* LaunchScreen.storyboard in Resources */,
				B842F2D32B432F0000907F0C /* Assets.xcassets in Resources */,
			);
			runOnlyForDeploymentPostprocessing = 0;
		};
/* End PBXResourcesBuildPhase section */

/* Begin PBXSourcesBuildPhase section */
		B842F2C22B432EFE00907F0C /* Sources */ = {
			isa = PBXSourcesBuildPhase;
			buildActionMask = 2147483647;
			files = (
				B842F2E22B4333A400907F0C /* UICustomTextField.swift in Sources */,
				B842F2CE2B432EFE00907F0C /* ViewController.swift in Sources */,
				B842F2F42B433FAD00907F0C /* Network.swift in Sources */,
				B842F3052B43550C00907F0C /* Group.swift in Sources */,
				B842F3032B43484B00907F0C /* GroupsViewController.swift in Sources */,
				B842F2CA2B432EFE00907F0C /* AppDelegate.swift in Sources */,
				B842F3092B4355EE00907F0C /* Groups+Network.swift in Sources */,
				B842F2F92B43405700907F0C /* Result.swift in Sources */,
				B842F30C2B435BD000907F0C /* GroupCell.swift in Sources */,
				B842F2EF2B43369C00907F0C /* UIButton+Extension.swift in Sources */,
				B842F3012B4344E900907F0C /* Auth+Network.swift in Sources */,
				B842F2E92B43363100907F0C /* UILabel+Extension.swift in Sources */,
				B842F2E72B43361000907F0C /* UIColor+Extension.swift in Sources */,
				B842F2FF2B4341F400907F0C /* AuthDataModel.swift in Sources */,
				B842F30F2B435DE800907F0C /* TransactionsViewController.swift in Sources */,
				B842F2EB2B43365500907F0C /* UITextField+Extension.swift in Sources */,
				B842F2F62B43400D00907F0C /* API.swift in Sources */,
				B842F2E52B4333FD00907F0C /* UIView+Extension.swift in Sources */,
				B842F2FD2B43418200907F0C /* AuthApp.swift in Sources */,
				B842F2FB2B43406700907F0C /* StatusCode.swift in Sources */,
				B842F3112B436CD500907F0C /* TransactionModel.swift in Sources */,
				B842F2ED2B43367100907F0C /* SetupViews.swift in Sources */,
				B842F3132B436D2B00907F0C /* TransactionCell.swift in Sources */,
				B842F2CC2B432EFE00907F0C /* SceneDelegate.swift in Sources */,
				B842F2F12B4336C900907F0C /* UIStackView+Extension.swift in Sources */,
				B842F3072B43553700907F0C /* User.swift in Sources */,
			);
			runOnlyForDeploymentPostprocessing = 0;
		};
/* End PBXSourcesBuildPhase section */

/* Begin PBXVariantGroup section */
		B842F2D42B432F0000907F0C /* LaunchScreen.storyboard */ = {
			isa = PBXVariantGroup;
			children = (
				B842F2D52B432F0000907F0C /* Base */,
			);
			name = LaunchScreen.storyboard;
			sourceTree = "<group>";
		};
/* End PBXVariantGroup section */

/* Begin XCBuildConfiguration section */
		B842F2D82B432F0000907F0C /* Debug */ = {
			isa = XCBuildConfiguration;
			buildSettings = {
				ALWAYS_SEARCH_USER_PATHS = NO;
				ASSETCATALOG_COMPILER_GENERATE_SWIFT_ASSET_SYMBOL_EXTENSIONS = YES;
				CLANG_ANALYZER_NONNULL = YES;
				CLANG_ANALYZER_NUMBER_OBJECT_CONVERSION = YES_AGGRESSIVE;
				CLANG_CXX_LANGUAGE_STANDARD = "gnu++20";
				CLANG_ENABLE_MODULES = YES;
				CLANG_ENABLE_OBJC_ARC = YES;
				CLANG_ENABLE_OBJC_WEAK = YES;
				CLANG_WARN_BLOCK_CAPTURE_AUTORELEASING = YES;
				CLANG_WARN_BOOL_CONVERSION = YES;
				CLANG_WARN_COMMA = YES;
				CLANG_WARN_CONSTANT_CONVERSION = YES;
				CLANG_WARN_DEPRECATED_OBJC_IMPLEMENTATIONS = YES;
				CLANG_WARN_DIRECT_OBJC_ISA_USAGE = YES_ERROR;
				CLANG_WARN_DOCUMENTATION_COMMENTS = YES;
				CLANG_WARN_EMPTY_BODY = YES;
				CLANG_WARN_ENUM_CONVERSION = YES;
				CLANG_WARN_INFINITE_RECURSION = YES;
				CLANG_WARN_INT_CONVERSION = YES;
				CLANG_WARN_NON_LITERAL_NULL_CONVERSION = YES;
				CLANG_WARN_OBJC_IMPLICIT_RETAIN_SELF = YES;
				CLANG_WARN_OBJC_LITERAL_CONVERSION = YES;
				CLANG_WARN_OBJC_ROOT_CLASS = YES_ERROR;
				CLANG_WARN_QUOTED_INCLUDE_IN_FRAMEWORK_HEADER = YES;
				CLANG_WARN_RANGE_LOOP_ANALYSIS = YES;
				CLANG_WARN_STRICT_PROTOTYPES = YES;
				CLANG_WARN_SUSPICIOUS_MOVE = YES;
				CLANG_WARN_UNGUARDED_AVAILABILITY = YES_AGGRESSIVE;
				CLANG_WARN_UNREACHABLE_CODE = YES;
				CLANG_WARN__DUPLICATE_METHOD_MATCH = YES;
				COPY_PHASE_STRIP = NO;
				DEBUG_INFORMATION_FORMAT = dwarf;
				ENABLE_STRICT_OBJC_MSGSEND = YES;
				ENABLE_TESTABILITY = YES;
				ENABLE_USER_SCRIPT_SANDBOXING = YES;
				GCC_C_LANGUAGE_STANDARD = gnu17;
				GCC_DYNAMIC_NO_PIC = NO;
				GCC_NO_COMMON_BLOCKS = YES;
				GCC_OPTIMIZATION_LEVEL = 0;
				GCC_PREPROCESSOR_DEFINITIONS = (
					"DEBUG=1",
					"$(inherited)",
				);
				GCC_WARN_64_TO_32_BIT_CONVERSION = YES;
				GCC_WARN_ABOUT_RETURN_TYPE = YES_ERROR;
				GCC_WARN_UNDECLARED_SELECTOR = YES;
				GCC_WARN_UNINITIALIZED_AUTOS = YES_AGGRESSIVE;
				GCC_WARN_UNUSED_FUNCTION = YES;
				GCC_WARN_UNUSED_VARIABLE = YES;
				IPHONEOS_DEPLOYMENT_TARGET = 17.0;
				LOCALIZATION_PREFERS_STRING_CATALOGS = YES;
				MTL_ENABLE_DEBUG_INFO = INCLUDE_SOURCE;
				MTL_FAST_MATH = YES;
				ONLY_ACTIVE_ARCH = YES;
				SDKROOT = iphoneos;
				SWIFT_ACTIVE_COMPILATION_CONDITIONS = "DEBUG $(inherited)";
				SWIFT_OPTIMIZATION_LEVEL = "-Onone";
			};
			name = Debug;
		};
		B842F2D92B432F0000907F0C /* Release */ = {
			isa = XCBuildConfiguration;
			buildSettings = {
				ALWAYS_SEARCH_USER_PATHS = NO;
				ASSETCATALOG_COMPILER_GENERATE_SWIFT_ASSET_SYMBOL_EXTENSIONS = YES;
				CLANG_ANALYZER_NONNULL = YES;
				CLANG_ANALYZER_NUMBER_OBJECT_CONVERSION = YES_AGGRESSIVE;
				CLANG_CXX_LANGUAGE_STANDARD = "gnu++20";
				CLANG_ENABLE_MODULES = YES;
				CLANG_ENABLE_OBJC_ARC = YES;
				CLANG_ENABLE_OBJC_WEAK = YES;
				CLANG_WARN_BLOCK_CAPTURE_AUTORELEASING = YES;
				CLANG_WARN_BOOL_CONVERSION = YES;
				CLANG_WARN_COMMA = YES;
				CLANG_WARN_CONSTANT_CONVERSION = YES;
				CLANG_WARN_DEPRECATED_OBJC_IMPLEMENTATIONS = YES;
				CLANG_WARN_DIRECT_OBJC_ISA_USAGE = YES_ERROR;
				CLANG_WARN_DOCUMENTATION_COMMENTS = YES;
				CLANG_WARN_EMPTY_BODY = YES;
				CLANG_WARN_ENUM_CONVERSION = YES;
				CLANG_WARN_INFINITE_RECURSION = YES;
				CLANG_WARN_INT_CONVERSION = YES;
				CLANG_WARN_NON_LITERAL_NULL_CONVERSION = YES;
				CLANG_WARN_OBJC_IMPLICIT_RETAIN_SELF = YES;
				CLANG_WARN_OBJC_LITERAL_CONVERSION = YES;
				CLANG_WARN_OBJC_ROOT_CLASS = YES_ERROR;
				CLANG_WARN_QUOTED_INCLUDE_IN_FRAMEWORK_HEADER = YES;
				CLANG_WARN_RANGE_LOOP_ANALYSIS = YES;
				CLANG_WARN_STRICT_PROTOTYPES = YES;
				CLANG_WARN_SUSPICIOUS_MOVE = YES;
				CLANG_WARN_UNGUARDED_AVAILABILITY = YES_AGGRESSIVE;
				CLANG_WARN_UNREACHABLE_CODE = YES;
				CLANG_WARN__DUPLICATE_METHOD_MATCH = YES;
				COPY_PHASE_STRIP = NO;
				DEBUG_INFORMATION_FORMAT = "dwarf-with-dsym";
				ENABLE_NS_ASSERTIONS = NO;
				ENABLE_STRICT_OBJC_MSGSEND = YES;
				ENABLE_USER_SCRIPT_SANDBOXING = YES;
				GCC_C_LANGUAGE_STANDARD = gnu17;
				GCC_NO_COMMON_BLOCKS = YES;
				GCC_WARN_64_TO_32_BIT_CONVERSION = YES;
				GCC_WARN_ABOUT_RETURN_TYPE = YES_ERROR;
				GCC_WARN_UNDECLARED_SELECTOR = YES;
				GCC_WARN_UNINITIALIZED_AUTOS = YES_AGGRESSIVE;
				GCC_WARN_UNUSED_FUNCTION = YES;
				GCC_WARN_UNUSED_VARIABLE = YES;
				IPHONEOS_DEPLOYMENT_TARGET = 17.0;
				LOCALIZATION_PREFERS_STRING_CATALOGS = YES;
				MTL_ENABLE_DEBUG_INFO = NO;
				MTL_FAST_MATH = YES;
				SDKROOT = iphoneos;
				SWIFT_COMPILATION_MODE = wholemodule;
				VALIDATE_PRODUCT = YES;
			};
			name = Release;
		};
		B842F2DB2B432F0000907F0C /* Debug */ = {
			isa = XCBuildConfiguration;
			buildSettings = {
				ASSETCATALOG_COMPILER_APPICON_NAME = AppIcon;
				ASSETCATALOG_COMPILER_GLOBAL_ACCENT_COLOR_NAME = AccentColor;
				CODE_SIGN_STYLE = Automatic;
				CURRENT_PROJECT_VERSION = 1;
				DEVELOPMENT_TEAM = B9QUW9Z84N;
				GENERATE_INFOPLIST_FILE = YES;
				INFOPLIST_FILE = BillSplitteriOS/Info.plist;
				INFOPLIST_KEY_UIApplicationSupportsIndirectInputEvents = YES;
				INFOPLIST_KEY_UILaunchStoryboardName = LaunchScreen;
				INFOPLIST_KEY_UISupportedInterfaceOrientations_iPad = "UIInterfaceOrientationPortrait UIInterfaceOrientationPortraitUpsideDown UIInterfaceOrientationLandscapeLeft UIInterfaceOrientationLandscapeRight";
				INFOPLIST_KEY_UISupportedInterfaceOrientations_iPhone = "UIInterfaceOrientationPortrait UIInterfaceOrientationLandscapeLeft UIInterfaceOrientationLandscapeRight";
				LD_RUNPATH_SEARCH_PATHS = (
					"$(inherited)",
					"@executable_path/Frameworks",
				);
				MARKETING_VERSION = 1.0;
				PRODUCT_BUNDLE_IDENTIFIER = TexnoPos.BillSplitteriOS;
				PRODUCT_NAME = "$(TARGET_NAME)";
				SWIFT_EMIT_LOC_STRINGS = YES;
				SWIFT_VERSION = 5.0;
				TARGETED_DEVICE_FAMILY = "1,2";
			};
			name = Debug;
		};
		B842F2DC2B432F0000907F0C /* Release */ = {
			isa = XCBuildConfiguration;
			buildSettings = {
				ASSETCATALOG_COMPILER_APPICON_NAME = AppIcon;
				ASSETCATALOG_COMPILER_GLOBAL_ACCENT_COLOR_NAME = AccentColor;
				CODE_SIGN_STYLE = Automatic;
				CURRENT_PROJECT_VERSION = 1;
				DEVELOPMENT_TEAM = B9QUW9Z84N;
				GENERATE_INFOPLIST_FILE = YES;
				INFOPLIST_FILE = BillSplitteriOS/Info.plist;
				INFOPLIST_KEY_UIApplicationSupportsIndirectInputEvents = YES;
				INFOPLIST_KEY_UILaunchStoryboardName = LaunchScreen;
				INFOPLIST_KEY_UISupportedInterfaceOrientations_iPad = "UIInterfaceOrientationPortrait UIInterfaceOrientationPortraitUpsideDown UIInterfaceOrientationLandscapeLeft UIInterfaceOrientationLandscapeRight";
				INFOPLIST_KEY_UISupportedInterfaceOrientations_iPhone = "UIInterfaceOrientationPortrait UIInterfaceOrientationLandscapeLeft UIInterfaceOrientationLandscapeRight";
				LD_RUNPATH_SEARCH_PATHS = (
					"$(inherited)",
					"@executable_path/Frameworks",
				);
				MARKETING_VERSION = 1.0;
				PRODUCT_BUNDLE_IDENTIFIER = TexnoPos.BillSplitteriOS;
				PRODUCT_NAME = "$(TARGET_NAME)";
				SWIFT_EMIT_LOC_STRINGS = YES;
				SWIFT_VERSION = 5.0;
				TARGETED_DEVICE_FAMILY = "1,2";
			};
			name = Release;
		};
/* End XCBuildConfiguration section */

/* Begin XCConfigurationList section */
		B842F2C12B432EFE00907F0C /* Build configuration list for PBXProject "BillSplitteriOS" */ = {
			isa = XCConfigurationList;
			buildConfigurations = (
				B842F2D82B432F0000907F0C /* Debug */,
				B842F2D92B432F0000907F0C /* Release */,
			);
			defaultConfigurationIsVisible = 0;
			defaultConfigurationName = Release;
		};
		B842F2DA2B432F0000907F0C /* Build configuration list for PBXNativeTarget "BillSplitteriOS" */ = {
			isa = XCConfigurationList;
			buildConfigurations = (
				B842F2DB2B432F0000907F0C /* Debug */,
				B842F2DC2B432F0000907F0C /* Release */,
			);
			defaultConfigurationIsVisible = 0;
			defaultConfigurationName = Release;
		};
/* End XCConfigurationList section */

/* Begin XCRemoteSwiftPackageReference section */
		B896658E2B52D4130029ABBA /* XCRemoteSwiftPackageReference "Alamofire" */ = {
			isa = XCRemoteSwiftPackageReference;
			repositoryURL = "https://github.com/Alamofire/Alamofire.git";
			requirement = {
				kind = upToNextMajorVersion;
				minimumVersion = 5.8.1;
			};
		};
/* End XCRemoteSwiftPackageReference section */

/* Begin XCSwiftPackageProductDependency section */
		B896658F2B52D4130029ABBA /* Alamofire */ = {
			isa = XCSwiftPackageProductDependency;
			package = B896658E2B52D4130029ABBA /* XCRemoteSwiftPackageReference "Alamofire" */;
			productName = Alamofire;
		};
/* End XCSwiftPackageProductDependency section */
	};
	rootObject = B842F2BE2B432EFE00907F0C /* Project object */;
}
